// !$*UTF8*$!
{
	archiveVersion = 1;
	classes = {
	};
	objectVersion = 46;
	objects = {

/* Begin PBXBuildFile section */
		FF304D6D1EFE20DE007B20EC /* AppDelegate.swift in Sources */ = {isa = PBXBuildFile; fileRef = FF304D6C1EFE20DE007B20EC /* AppDelegate.swift */; };
		FF304D6F1EFE20DE007B20EC /* ViewController.swift in Sources */ = {isa = PBXBuildFile; fileRef = FF304D6E1EFE20DE007B20EC /* ViewController.swift */; };
		FF304D721EFE20DE007B20EC /* Main.storyboard in Resources */ = {isa = PBXBuildFile; fileRef = FF304D701EFE20DE007B20EC /* Main.storyboard */; };
		FF304D741EFE20DE007B20EC /* Assets.xcassets in Resources */ = {isa = PBXBuildFile; fileRef = FF304D731EFE20DE007B20EC /* Assets.xcassets */; };
		FF304D771EFE20DE007B20EC /* LaunchScreen.storyboard in Resources */ = {isa = PBXBuildFile; fileRef = FF304D751EFE20DE007B20EC /* LaunchScreen.storyboard */; };
		FF304D821EFE20DE007B20EC /* FoodTrackerTests.swift in Sources */ = {isa = PBXBuildFile; fileRef = FF304D811EFE20DE007B20EC /* FoodTrackerTests.swift */; };
		FF5D9EDD1F01E71800C3A640 /* RatingControl.swift in Sources */ = {isa = PBXBuildFile; fileRef = FF5D9EDC1F01E71800C3A640 /* RatingControl.swift */; };
/* End PBXBuildFile section */

/* Begin PBXContainerItemProxy section */
		FF304D7E1EFE20DE007B20EC /* PBXContainerItemProxy */ = {
			isa = PBXContainerItemProxy;
			containerPortal = FF304D611EFE20DE007B20EC /* Project object */;
			proxyType = 1;
			remoteGlobalIDString = FF304D681EFE20DE007B20EC;
			remoteInfo = FoodTracker;
		};
/* End PBXContainerItemProxy section */

/* Begin PBXFileReference section */
		FF304D691EFE20DE007B20EC /* FoodTracker.app */ = {isa = PBXFileReference; explicitFileType = wrapper.application; includeInIndex = 0; path = FoodTracker.app; sourceTree = BUILT_PRODUCTS_DIR; };
		FF304D6C1EFE20DE007B20EC /* AppDelegate.swift */ = {isa = PBXFileReference; lastKnownFileType = sourcecode.swift; path = AppDelegate.swift; sourceTree = "<group>"; };
		FF304D6E1EFE20DE007B20EC /* ViewController.swift */ = {isa = PBXFileReference; lastKnownFileType = sourcecode.swift; path = ViewController.swift; sourceTree = "<group>"; };
		FF304D711EFE20DE007B20EC /* Base */ = {isa = PBXFileReference; lastKnownFileType = file.storyboard; name = Base; path = Base.lproj/Main.storyboard; sourceTree = "<group>"; };
		FF304D731EFE20DE007B20EC /* Assets.xcassets */ = {isa = PBXFileReference; lastKnownFileType = folder.assetcatalog; path = Assets.xcassets; sourceTree = "<group>"; };
		FF304D761EFE20DE007B20EC /* Base */ = {isa = PBXFileReference; lastKnownFileType = file.storyboard; name = Base; path = Base.lproj/LaunchScreen.storyboard; sourceTree = "<group>"; };
		FF304D781EFE20DE007B20EC /* Info.plist */ = {isa = PBXFileReference; lastKnownFileType = text.plist.xml; path = Info.plist; sourceTree = "<group>"; };
		FF304D7D1EFE20DE007B20EC /* FoodTrackerTests.xctest */ = {isa = PBXFileReference; explicitFileType = wrapper.cfbundle; includeInIndex = 0; path = FoodTrackerTests.xctest; sourceTree = BUILT_PRODUCTS_DIR; };
		FF304D811EFE20DE007B20EC /* FoodTrackerTests.swift */ = {isa = PBXFileReference; lastKnownFileType = sourcecode.swift; path = FoodTrackerTests.swift; sourceTree = "<group>"; };
		FF304D831EFE20DE007B20EC /* Info.plist */ = {isa = PBXFileReference; lastKnownFileType = text.plist.xml; path = Info.plist; sourceTree = "<group>"; };
		FF5D9EDC1F01E71800C3A640 /* RatingControl.swift */ = {isa = PBXFileReference; fileEncoding = 4; lastKnownFileType = sourcecode.swift; path = RatingControl.swift; sourceTree = "<group>"; };
/* End PBXFileReference section */

/* Begin PBXFrameworksBuildPhase section */
		FF304D661EFE20DE007B20EC /* Frameworks */ = {
			isa = PBXFrameworksBuildPhase;
			buildActionMask = 2147483647;
			files = (
			);
			runOnlyForDeploymentPostprocessing = 0;
		};
		FF304D7A1EFE20DE007B20EC /* Frameworks */ = {
			isa = PBXFrameworksBuildPhase;
			buildActionMask = 2147483647;
			files = (
			);
			runOnlyForDeploymentPostprocessing = 0;
		};
/* End PBXFrameworksBuildPhase section */

/* Begin PBXGroup section */
		FF304D601EFE20DE007B20EC = {
			isa = PBXGroup;
			children = (
				FF304D6B1EFE20DE007B20EC /* FoodTracker */,
				FF304D801EFE20DE007B20EC /* FoodTrackerTests */,
				FF304D6A1EFE20DE007B20EC /* Products */,
			);
			sourceTree = "<group>";
		};
		FF304D6A1EFE20DE007B20EC /* Products */ = {
			isa = PBXGroup;
			children = (
				FF304D691EFE20DE007B20EC /* FoodTracker.app */,
				FF304D7D1EFE20DE007B20EC /* FoodTrackerTests.xctest */,
			);
			name = Products;
			sourceTree = "<group>";
		};
		FF304D6B1EFE20DE007B20EC /* FoodTracker */ = {
			isa = PBXGroup;
			children = (
				FF304D6C1EFE20DE007B20EC /* AppDelegate.swift */,
				FF304D6E1EFE20DE007B20EC /* ViewController.swift */,
				FF5D9EDC1F01E71800C3A640 /* RatingControl.swift */,
				FF304D701EFE20DE007B20EC /* Main.storyboard */,
				FF304D731EFE20DE007B20EC /* Assets.xcassets */,
				FF304D751EFE20DE007B20EC /* LaunchScreen.storyboard */,
				FF304D781EFE20DE007B20EC /* Info.plist */,
			);
			path = FoodTracker;
			sourceTree = "<group>";
		};
		FF304D801EFE20DE007B20EC /* FoodTrackerTests */ = {
			isa = PBXGroup;
			children = (
				FF304D811EFE20DE007B20EC /* FoodTrackerTests.swift */,
				FF304D831EFE20DE007B20EC /* Info.plist */,
			);
			path = FoodTrackerTests;
			sourceTree = "<group>";
		};
/* End PBXGroup section */

/* Begin PBXNativeTarget section */
		FF304D681EFE20DE007B20EC /* FoodTracker */ = {
			isa = PBXNativeTarget;
			buildConfigurationList = FF304D861EFE20DE007B20EC /* Build configuration list for PBXNativeTarget "FoodTracker" */;
			buildPhases = (
				FF304D651EFE20DE007B20EC /* Sources */,
				FF304D661EFE20DE007B20EC /* Frameworks */,
				FF304D671EFE20DE007B20EC /* Resources */,
			);
			buildRules = (
			);
			dependencies = (
			);
			name = FoodTracker;
			productName = FoodTracker;
			productReference = FF304D691EFE20DE007B20EC /* FoodTracker.app */;
			productType = "com.apple.product-type.application";
		};
		FF304D7C1EFE20DE007B20EC /* FoodTrackerTests */ = {
			isa = PBXNativeTarget;
			buildConfigurationList = FF304D891EFE20DE007B20EC /* Build configuration list for PBXNativeTarget "FoodTrackerTests" */;
			buildPhases = (
				FF304D791EFE20DE007B20EC /* Sources */,
				FF304D7A1EFE20DE007B20EC /* Frameworks */,
				FF304D7B1EFE20DE007B20EC /* Resources */,
			);
			buildRules = (
			);
			dependencies = (
				FF304D7F1EFE20DE007B20EC /* PBXTargetDependency */,
			);
			name = FoodTrackerTests;
			productName = FoodTrackerTests;
			productReference = FF304D7D1EFE20DE007B20EC /* FoodTrackerTests.xctest */;
			productType = "com.apple.product-type.bundle.unit-test";
		};
/* End PBXNativeTarget section */

/* Begin PBXProject section */
		FF304D611EFE20DE007B20EC /* Project object */ = {
			isa = PBXProject;
			attributes = {
				LastSwiftUpdateCheck = 0830;
				LastUpgradeCheck = 0830;
				ORGANIZATIONNAME = "Toru Matsuoka";
				TargetAttributes = {
					FF304D681EFE20DE007B20EC = {
						CreatedOnToolsVersion = 8.3.3;
						DevelopmentTeam = RN6FKECBJW;
						ProvisioningStyle = Automatic;
					};
					FF304D7C1EFE20DE007B20EC = {
						CreatedOnToolsVersion = 8.3.3;
						DevelopmentTeam = RN6FKECBJW;
						ProvisioningStyle = Automatic;
						TestTargetID = FF304D681EFE20DE007B20EC;
					};
				};
			};
			buildConfigurationList = FF304D641EFE20DE007B20EC /* Build configuration list for PBXProject "FoodTracker" */;
			compatibilityVersion = "Xcode 3.2";
			developmentRegion = English;
			hasScannedForEncodings = 0;
			knownRegions = (
				en,
				Base,
			);
			mainGroup = FF304D601EFE20DE007B20EC;
			productRefGroup = FF304D6A1EFE20DE007B20EC /* Products */;
			projectDirPath = "";
			projectRoot = "";
			targets = (
				FF304D681EFE20DE007B20EC /* FoodTracker */,
				FF304D7C1EFE20DE007B20EC /* FoodTrackerTests */,
			);
		};
/* End PBXProject section */

/* Begin PBXResourcesBuildPhase section */
		FF304D671EFE20DE007B20EC /* Resources */ = {
			isa = PBXResourcesBuildPhase;
			buildActionMask = 2147483647;
			files = (
				FF304D771EFE20DE007B20EC /* LaunchScreen.storyboard in Resources */,
				FF304D741EFE20DE007B20EC /* Assets.xcassets in Resources */,
				FF304D721EFE20DE007B20EC /* Main.storyboard in Resources */,
			);
			runOnlyForDeploymentPostprocessing = 0;
		};
		FF304D7B1EFE20DE007B20EC /* Resources */ = {
			isa = PBXResourcesBuildPhase;
			buildActionMask = 2147483647;
			files = (
			);
			runOnlyForDeploymentPostprocessing = 0;
		};
/* End PBXResourcesBuildPhase section */

/* Begin PBXSourcesBuildPhase section */
		FF304D651EFE20DE007B20EC /* Sources */ = {
			isa = PBXSourcesBuildPhase;
			buildActionMask = 2147483647;
			files = (
				FF304D6F1EFE20DE007B20EC /* ViewController.swift in Sources */,
				FF5D9EDD1F01E71800C3A640 /* RatingControl.swift in Sources */,
				FF304D6D1EFE20DE007B20EC /* AppDelegate.swift in Sources */,
			);
			runOnlyForDeploymentPostprocessing = 0;
		};
		FF304D791EFE20DE007B20EC /* Sources */ = {
			isa = PBXSourcesBuildPhase;
			buildActionMask = 2147483647;
			files = (
				FF304D821EFE20DE007B20EC /* FoodTrackerTests.swift in Sources */,
			);
			runOnlyForDeploymentPostprocessing = 0;
		};
/* End PBXSourcesBuildPhase section */

/* Begin PBXTargetDependency section */
		FF304D7F1EFE20DE007B20EC /* PBXTargetDependency */ = {
			isa = PBXTargetDependency;
			target = FF304D681EFE20DE007B20EC /* FoodTracker */;
			targetProxy = FF304D7E1EFE20DE007B20EC /* PBXContainerItemProxy */;
		};
/* End PBXTargetDependency section */

/* Begin PBXVariantGroup section */
		FF304D701EFE20DE007B20EC /* Main.storyboard */ = {
			isa = PBXVariantGroup;
			children = (
				FF304D711EFE20DE007B20EC /* Base */,
			);
			name = Main.storyboard;
			sourceTree = "<group>";
		};
		FF304D751EFE20DE007B20EC /* LaunchScreen.storyboard */ = {
			isa = PBXVariantGroup;
			children = (
				FF304D761EFE20DE007B20EC /* Base */,
			);
			name = LaunchScreen.storyboard;
			sourceTree = "<group>";
		};
/* End PBXVariantGroup section */

/* Begin XCBuildConfiguration section */
		FF304D841EFE20DE007B20EC /* Debug */ = {
			isa = XCBuildConfiguration;
			buildSettings = {
				ALWAYS_SEARCH_USER_PATHS = NO;
				CLANG_ANALYZER_NONNULL = YES;
				CLANG_ANALYZER_NUMBER_OBJECT_CONVERSION = YES_AGGRESSIVE;
				CLANG_CXX_LANGUAGE_STANDARD = "gnu++0x";
				CLANG_CXX_LIBRARY = "libc++";
				CLANG_ENABLE_MODULES = YES;
				CLANG_ENABLE_OBJC_ARC = YES;
				CLANG_WARN_BOOL_CONVERSION = YES;
				CLANG_WARN_CONSTANT_CONVERSION = YES;
				CLANG_WARN_DIRECT_OBJC_ISA_USAGE = YES_ERROR;
				CLANG_WARN_DOCUMENTATION_COMMENTS = YES;
				CLANG_WARN_EMPTY_BODY = YES;
				CLANG_WARN_ENUM_CONVERSION = YES;
				CLANG_WARN_INFINITE_RECURSION = YES;
				CLANG_WARN_INT_CONVERSION = YES;
				CLANG_WARN_OBJC_ROOT_CLASS = YES_ERROR;
				CLANG_WARN_SUSPICIOUS_MOVE = YES;
				CLANG_WARN_UNREACHABLE_CODE = YES;
				CLANG_WARN__DUPLICATE_METHOD_MATCH = YES;
				"CODE_SIGN_IDENTITY[sdk=iphoneos*]" = "iPhone Developer";
				COPY_PHASE_STRIP = NO;
				DEBUG_INFORMATION_FORMAT = dwarf;
				ENABLE_STRICT_OBJC_MSGSEND = YES;
				ENABLE_TESTABILITY = YES;
				GCC_C_LANGUAGE_STANDARD = gnu99;
				GCC_DYNAMIC_NO_PIC = NO;
				GCC_NO_COMMON_BLOCKS = YES;
				GCC_OPTIMIZATION_LEVEL = 0;
				GCC_PREPROCESSOR_DEFINITIONS = (
					"DEBUG=1",
					"$(inherited)",
				);
				GCC_WARN_64_TO_32_BIT_CONVERSION = YES;
				GCC_WARN_ABOUT_RETURN_TYPE = YES_ERROR;
				GCC_WARN_UNDECLARED_SELECTOR = YES;
				GCC_WARN_UNINITIALIZED_AUTOS = YES_AGGRESSIVE;
				GCC_WARN_UNUSED_FUNCTION = YES;
				GCC_WARN_UNUSED_VARIABLE = YES;
				IPHONEOS_DEPLOYMENT_TARGET = 10.3;
				MTL_ENABLE_DEBUG_INFO = YES;
				ONLY_ACTIVE_ARCH = YES;
				SDKROOT = iphoneos;
				SWIFT_ACTIVE_COMPILATION_CONDITIONS = DEBUG;
				SWIFT_OPTIMIZATION_LEVEL = "-Onone";
				TARGETED_DEVICE_FAMILY = "1,2";
			};
			name = Debug;
		};
		FF304D851EFE20DE007B20EC /* Release */ = {
			isa = XCBuildConfiguration;
			buildSettings = {
				ALWAYS_SEARCH_USER_PATHS = NO;
				CLANG_ANALYZER_NONNULL = YES;
				CLANG_ANALYZER_NUMBER_OBJECT_CONVERSION = YES_AGGRESSIVE;
				CLANG_CXX_LANGUAGE_STANDARD = "gnu++0x";
				CLANG_CXX_LIBRARY = "libc++";
				CLANG_ENABLE_MODULES = YES;
				CLANG_ENABLE_OBJC_ARC = YES;
				CLANG_WARN_BOOL_CONVERSION = YES;
				CLANG_WARN_CONSTANT_CONVERSION = YES;
				CLANG_WARN_DIRECT_OBJC_ISA_USAGE = YES_ERROR;
				CLANG_WARN_DOCUMENTATION_COMMENTS = YES;
				CLANG_WARN_EMPTY_BODY = YES;
				CLANG_WARN_ENUM_CONVERSION = YES;
				CLANG_WARN_INFINITE_RECURSION = YES;
				CLANG_WARN_INT_CONVERSION = YES;
				CLANG_WARN_OBJC_ROOT_CLASS = YES_ERROR;
				CLANG_WARN_SUSPICIOUS_MOVE = YES;
				CLANG_WARN_UNREACHABLE_CODE = YES;
				CLANG_WARN__DUPLICATE_METHOD_MATCH = YES;
				"CODE_SIGN_IDENTITY[sdk=iphoneos*]" = "iPhone Developer";
				COPY_PHASE_STRIP = NO;
				DEBUG_INFORMATION_FORMAT = "dwarf-with-dsym";
				ENABLE_NS_ASSERTIONS = NO;
				ENABLE_STRICT_OBJC_MSGSEND = YES;
				GCC_C_LANGUAGE_STANDARD = gnu99;
				GCC_NO_COMMON_BLOCKS = YES;
				GCC_WARN_64_TO_32_BIT_CONVERSION = YES;
				GCC_WARN_ABOUT_RETURN_TYPE = YES_ERROR;
				GCC_WARN_UNDECLARED_SELECTOR = YES;
				GCC_WARN_UNINITIALIZED_AUTOS = YES_AGGRESSIVE;
				GCC_WARN_UNUSED_FUNCTION = YES;
				GCC_WARN_UNUSED_VARIABLE = YES;
				IPHONEOS_DEPLOYMENT_TARGET = 10.3;
				MTL_ENABLE_DEBUG_INFO = NO;
				SDKROOT = iphoneos;
				SWIFT_OPTIMIZATION_LEVEL = "-Owholemodule";
				TARGETED_DEVICE_FAMILY = "1,2";
				VALIDATE_PRODUCT = YES;
			};
			name = Release;
		};
		FF304D871EFE20DE007B20EC /* Debug */ = {
			isa = XCBuildConfiguration;
			buildSettings = {
				ASSETCATALOG_COMPILER_APPICON_NAME = AppIcon;
				DEVELOPMENT_TEAM = RN6FKECBJW;
				INFOPLIST_FILE = FoodTracker/Info.plist;
				LD_RUNPATH_SEARCH_PATHS = "$(inherited) @executable_path/Frameworks";
				PRODUCT_BUNDLE_IDENTIFIER = jp.mnpk.app.FoodTracker;
				PRODUCT_NAME = "$(TARGET_NAME)";
				SWIFT_VERSION = 3.0;
			};
			name = Debug;
		};
		FF304D881EFE20DE007B20EC /* Release */ = {
			isa = XCBuildConfiguration;
			buildSettings = {
				ASSETCATALOG_COMPILER_APPICON_NAME = AppIcon;
				DEVELOPMENT_TEAM = RN6FKECBJW;
				INFOPLIST_FILE = FoodTracker/Info.plist;
				LD_RUNPATH_SEARCH_PATHS = "$(inherited) @executable_path/Frameworks";
				PRODUCT_BUNDLE_IDENTIFIER = jp.mnpk.app.FoodTracker;
				PRODUCT_NAME = "$(TARGET_NAME)";
				SWIFT_VERSION = 3.0;
			};
			name = Release;
		};
		FF304D8A1EFE20DE007B20EC /* Debug */ = {
			isa = XCBuildConfiguration;
			buildSettings = {
				ALWAYS_EMBED_SWIFT_STANDARD_LIBRARIES = YES;
				BUNDLE_LOADER = "$(TEST_HOST)";
				DEVELOPMENT_TEAM = RN6FKECBJW;
				INFOPLIST_FILE = FoodTrackerTests/Info.plist;
				LD_RUNPATH_SEARCH_PATHS = "$(inherited) @executable_path/Frameworks @loader_path/Frameworks";
				PRODUCT_BUNDLE_IDENTIFIER = jp.mnpk.app.FoodTrackerTests;
				PRODUCT_NAME = "$(TARGET_NAME)";
				SWIFT_VERSION = 3.0;
				TEST_HOST = "$(BUILT_PRODUCTS_DIR)/FoodTracker.app/FoodTracker";
			};
			name = Debug;
		};
		FF304D8B1EFE20DE007B20EC /* Release */ = {
			isa = XCBuildConfiguration;
			buildSettings = {
				ALWAYS_EMBED_SWIFT_STANDARD_LIBRARIES = YES;
				BUNDLE_LOADER = "$(TEST_HOST)";
				DEVELOPMENT_TEAM = RN6FKECBJW;
				INFOPLIST_FILE = FoodTrackerTests/Info.plist;
				LD_RUNPATH_SEARCH_PATHS = "$(inherited) @executable_path/Frameworks @loader_path/Frameworks";
				PRODUCT_BUNDLE_IDENTIFIER = jp.mnpk.app.FoodTrackerTests;
				PRODUCT_NAME = "$(TARGET_NAME)";
				SWIFT_VERSION = 3.0;
				TEST_HOST = "$(BUILT_PRODUCTS_DIR)/FoodTracker.app/FoodTracker";
			};
			name = Release;
		};
/* End XCBuildConfiguration section */

/* Begin XCConfigurationList section */
		FF304D641EFE20DE007B20EC /* Build configuration list for PBXProject "FoodTracker" */ = {
			isa = XCConfigurationList;
			buildConfigurations = (
				FF304D841EFE20DE007B20EC /* Debug */,
				FF304D851EFE20DE007B20EC /* Release */,
			);
			defaultConfigurationIsVisible = 0;
			defaultConfigurationName = Release;
		};
		FF304D861EFE20DE007B20EC /* Build configuration list for PBXNativeTarget "FoodTracker" */ = {
			isa = XCConfigurationList;
			buildConfigurations = (
				FF304D871EFE20DE007B20EC /* Debug */,
				FF304D881EFE20DE007B20EC /* Release */,
			);
			defaultConfigurationIsVisible = 0;
			defaultConfigurationName = Release;
		};
		FF304D891EFE20DE007B20EC /* Build configuration list for PBXNativeTarget "FoodTrackerTests" */ = {
			isa = XCConfigurationList;
			buildConfigurations = (
				FF304D8A1EFE20DE007B20EC /* Debug */,
				FF304D8B1EFE20DE007B20EC /* Release */,
			);
			defaultConfigurationIsVisible = 0;
			defaultConfigurationName = Release;
		};
/* End XCConfigurationList section */
	};
	rootObject = FF304D611EFE20DE007B20EC /* Project object */;
}
